PODS:
  - AppCenter/Analytics (1.6.1):
    - AppCenter/Core
  - AppCenter/Core (1.6.1)
  - AppCenter/Crashes (1.6.1):
    - AppCenter/Core
  - AppCenterReactNativeShared (1.5.1):
    - AppCenter/Core (= 1.6.1)
  - BVLinearGradient (2.4.0):
    - React
  - Crashlytics (3.10.2):
    - Fabric (~> 1.7.7)
  - Fabric (1.7.7)
  - Firebase/CoreOnly (5.2.0):
    - FirebaseCore (= 5.0.3)
  - Firebase/Messaging (5.2.0):
    - Firebase/CoreOnly
    - FirebaseMessaging (= 3.0.2)
  - FirebaseCore (5.0.3):
    - "GoogleToolboxForMac/NSData+zlib (~> 2.1)"
  - FirebaseInstanceID (3.1.0):
    - FirebaseCore (~> 5.0)
  - FirebaseMessaging (3.0.2):
    - FirebaseCore (~> 5.0)
    - FirebaseInstanceID (~> 3.0)
    - GoogleToolboxForMac/Logger (~> 2.1)
    - Protobuf (~> 3.1)
  - GoogleToolboxForMac/Defines (2.1.4)
  - GoogleToolboxForMac/Logger (2.1.4):
    - GoogleToolboxForMac/Defines (= 2.1.4)
  - "GoogleToolboxForMac/NSData+zlib (2.1.4)":
    - GoogleToolboxForMac/Defines (= 2.1.4)
  - OpenTok (2.14.0)
  - Protobuf (3.6.0)
  - React (0.55.4):
    - React/Core (= 0.55.4)
  - react-native-background-timer (2.0.0):
    - React
  - react-native-camera (0.12.0):
    - React
  - react-native-fetch-blob (0.10.6):
    - React/Core
  - react-native-image-resizer (1.0.0):
    - React
  - react-native-keep-awake (2.0.6):
    - React
  - React/Core (0.55.4):
    - yoga (= 0.55.4.React)
  - React/RCTImage (0.55.4):
    - React/Core
    - React/RCTNetwork
  - React/RCTNetwork (0.55.4):
    - React/Core
  - ReactNativePermissions (1.1.1):
    - React
  - RNDeviceInfo (0.9.3):
    - React
  - RNFS (2.9.12):
    - React
  - RNI18n (2.0.12):
    - React
  - RNSound (0.10.9):
    - React/Core
    - RNSound/Core (= 0.10.9)
  - RNSound/Core (0.10.9):
    - React/Core
  - RNSVG (6.3.1):
    - React
  - yoga (0.55.4.React)

DEPENDENCIES:
  - AppCenter/Analytics (~> 1.6.1)
  - AppCenter/Crashes (~> 1.6.1)
  - AppCenterReactNativeShared (~> 1.5.1)
  - BVLinearGradient (from `../node_modules/react-native-linear-gradient`)
  - Crashlytics
  - Fabric
  - Firebase/Messaging
  - OpenTok
  - React (from `../node_modules/react-native`)
  - react-native-background-timer (from `../node_modules/react-native-background-timer`)
  - react-native-camera (from `../node_modules/react-native-camera`)
  - react-native-fetch-blob (from `../node_modules/react-native-fetch-blob`)
  - react-native-image-resizer (from `../node_modules/react-native-image-resizer`)
  - react-native-keep-awake (from `../node_modules/react-native-keep-awake`)
  - React/RCTImage (from `../node_modules/react-native`)
  - ReactNativePermissions (from `../node_modules/react-native-permissions`)
  - RNDeviceInfo (from `../node_modules/react-native-device-info`)
  - RNFS (from `../node_modules/react-native-fs`)
  - RNI18n (from `../node_modules/react-native-i18n`)
  - RNSound (from `../node_modules/react-native-sound`)
  - RNSVG (from `../node_modules/react-native-svg`)
  - yoga (from `../node_modules/react-native/ReactCommon/yoga/yoga.podspec`)

SPEC REPOS:
  https://github.com/cocoapods/specs.git:
    - AppCenter
    - AppCenterReactNativeShared
    - Crashlytics
    - Fabric
    - Firebase
    - FirebaseCore
    - FirebaseInstanceID
    - FirebaseMessaging
    - GoogleToolboxForMac
    - OpenTok
    - Protobuf

EXTERNAL SOURCES:
  BVLinearGradient:
    :path: "../node_modules/react-native-linear-gradient"
  React:
    :path: "../node_modules/react-native"
  react-native-background-timer:
    :path: "../node_modules/react-native-background-timer"
  react-native-camera:
    :path: "../node_modules/react-native-camera"
  react-native-fetch-blob:
    :path: "../node_modules/react-native-fetch-blob"
  react-native-image-resizer:
    :path: "../node_modules/react-native-image-resizer"
  react-native-keep-awake:
    :path: "../node_modules/react-native-keep-awake"
  ReactNativePermissions:
    :path: "../node_modules/react-native-permissions"
  RNDeviceInfo:
    :path: "../node_modules/react-native-device-info"
  RNFS:
    :path: "../node_modules/react-native-fs"
  RNI18n:
    :path: "../node_modules/react-native-i18n"
  RNSound:
    :path: "../node_modules/react-native-sound"
  RNSVG:
    :path: "../node_modules/react-native-svg"
  yoga:
    :path: "../node_modules/react-native/ReactCommon/yoga/yoga.podspec"

SPEC CHECKSUMS:
  AppCenter: f9eb653a45cece34549232f295aec05260dfc24f
  AppCenterReactNativeShared: 5b40dc5bbaf891697d1982e0ae0e9b1120dd4274
  BVLinearGradient: 4b3f3bdf1ac1a52a5ef5e65c9585d793a7c3f825
  Crashlytics: 0360624eea1c978a743feddb2fb1ef8b37fb7a0d
  Fabric: bda89e242bce1b7b8ab264248cf3407774ce0095
  Firebase: 25ed0412036d7d008568d1fb4d2e9d81ea8a0a2c
  FirebaseCore: a3c87242451633fff8490183898075ce77d168d2
  FirebaseInstanceID: 05d779cbb97bd5bd5c51a38a903fc9cfe1b2454a
  FirebaseMessaging: 6894b8fe0a0cf26c3b13dad729f1131654ae0bdb
  GoogleToolboxForMac: 91c824d21e85b31c2aae9bb011c5027c9b4e738f
  OpenTok: f4c0f42fd2e4e4d2682b12dcb94313aa88558e14
  Protobuf: 0fc0ad8bec688b2a3017a139953e01374fedbd5f
  React: aa2040dbb6f317b95314968021bd2888816e03d5
  react-native-background-timer: 63dcbf37dbcf294b5c6c071afcdc661fa06a7594
  react-native-camera: 46c2596d7b5f0d46eaf8022eeee4b7689f826a67
  react-native-fetch-blob: 63394b1d7b0781547b3e4463b3195790177b1222
  react-native-image-resizer: 04a3409e7d4ad646c4468671c69dec490def139c
  react-native-keep-awake: 0de4bd66de0c23178107dce0c2fcc3354b2a8e94
  ReactNativePermissions: 9f2d9c45c98800795e6c2ed330e25d11a66a8169
  RNDeviceInfo: b375b3374cda3203d6d48cea8c07e46ba1169e26
  RNFS: bbb1a64eb245763daf34aea86f97c97c4e85f74c
  RNI18n: db9be06a40336f04d136f24dd5de3f5eb9f3207c
  RNSound: b360b3862d3118ed1c74bb9825696b5957686ac4
  RNSVG: 6252323c0312735f0af5f58b5adf2965b6a9ffbf
  yoga: a23273df0088bf7f2bb7e5d7b00044ea57a2a54a

PODFILE CHECKSUM: f1707107945f12487ee5b3990fd7817381438337

COCOAPODS: 1.5.3
