PODS:
  - BVLinearGradient (2.4.0):
    - React
  - Crashlytics (3.9.3):
    - Fabric (~> 1.7.2)
  - Fabric (1.7.2)
  - OpenTok (2.12.1)
  - React (0.50.4):
    - React/Core (= 0.50.4)
  - react-native-camera (0.12.0):
    - React
  - react-native-fetch-blob (0.10.6):
    - React/Core
  - react-native-image-resizer (1.0.0):
    - React
  - react-native-keep-awake (2.0.6):
    - React
  - React/Core (0.50.4):
    - yoga (= 0.50.4.React)
  - React/RCTImage (0.50.4):
    - React/Core
    - React/RCTNetwork
  - React/RCTNetwork (0.50.4):
    - React/Core
  - RNDeviceInfo (0.9.3):
    - React
  - RNFS (2.9.7):
    - React
  - RNOpenTok (2.0.1):
    - OpenTok
    - React
  - yoga (0.50.4.React)

DEPENDENCIES:
  - BVLinearGradient (from `../node_modules/react-native-linear-gradient`)
  - Crashlytics
  - Fabric
  - React (from `../node_modules/react-native`)
  - react-native-camera (from `../node_modules/react-native-camera`)
  - react-native-fetch-blob (from `../node_modules/react-native-fetch-blob`)
  - react-native-image-resizer (from `../node_modules/react-native-image-resizer`)
  - react-native-keep-awake (from `../node_modules/react-native-keep-awake`)
  - React/RCTImage (from `../node_modules/react-native`)
  - RNDeviceInfo (from `../node_modules/react-native-device-info`)
  - RNFS (from `../node_modules/react-native-fs`)
  - RNOpenTok (from `../node_modules/react-native-opentok/ios`)
  - yoga (from `../node_modules/react-native/ReactCommon/yoga/yoga.podspec`)

EXTERNAL SOURCES:
  BVLinearGradient:
    :path: ../node_modules/react-native-linear-gradient
  React:
    :path: ../node_modules/react-native
  react-native-camera:
    :path: ../node_modules/react-native-camera
  react-native-fetch-blob:
    :path: ../node_modules/react-native-fetch-blob
  react-native-image-resizer:
    :path: ../node_modules/react-native-image-resizer
  react-native-keep-awake:
    :path: ../node_modules/react-native-keep-awake
  RNDeviceInfo:
    :path: ../node_modules/react-native-device-info
  RNFS:
    :path: ../node_modules/react-native-fs
  RNOpenTok:
    :path: ../node_modules/react-native-opentok/ios
  yoga:
    :path: ../node_modules/react-native/ReactCommon/yoga/yoga.podspec

SPEC CHECKSUMS:
  BVLinearGradient: 8913bd8fdc47b85abc801ae8bae007bbfb6b4ce5
  Crashlytics: dbb07d01876c171c5ccbdf7826410380189e452c
  Fabric: 9cd6a848efcf1b8b07497e0b6a2e7d336353ba15
  OpenTok: 869a96d84104b9de2b525c2e8a2a809561b47cec
  React: 6d7efef18e0241eb832cf4c085405169a15080ed
  react-native-camera: 804909544eaaf6959089f517b86c1b159a234dea
  react-native-fetch-blob: 2bef9be702de8726f4d7bf58d2345579aaaee60d
  react-native-image-resizer: 4516052af6ae0248caf4ccf356caecefe60072d7
  react-native-keep-awake: 7fc7d0a6886b38102fad5129c92fe7490eac1539
  RNDeviceInfo: dc3cbee96cd2392cf03d6ff6191dc15f1606a166
  RNFS: c44a045cb06c6a496a27f37bd1b50f2c36422cf3
  RNOpenTok: cab5e455f81cd13ec6ac52b8f126ab00800c803a
  yoga: b9aebf996711e50fc31f5608c10aa108a5a0c29e

PODFILE CHECKSUM: 3c323f1ee5644f11200bd58078e08a9d2dbb415f

COCOAPODS: 1.3.1
